
Microsoft Visual Studio Solution File, Format Version 12.00
# Visual Studio Version 17
VisualStudioVersion = 17.8.34511.84
MinimumVisualStudioVersion = 10.0.40219.1
Project("{FAE04EC0-301F-11D3-BF4B-00C04F79EFBC}") = "ArchPractice", "ArchPractice\ArchPractice.csproj", "{90A852C2-88E3-4CE1-8E77-230D8186325C}"
EndProject
Project("{FAE04EC0-301F-11D3-BF4B-00C04F79EFBC}") = "ArchPractice.Common", "ArchPractice.Common\ArchPractice.Common.csproj", "{46EC662D-A7FC-4F45-9472-EA9A8017258D}"
EndProject
Project("{FAE04EC0-301F-11D3-BF4B-00C04F79EFBC}") = "ArchPractice.IService", "ArchPractice.IService\ArchPractice.IService.csproj", "{9D144302-EB34-478A-8B2B-AD72A082DCD9}"
EndProject
Project("{FAE04EC0-301F-11D3-BF4B-00C04F79EFBC}") = "ArchPractice.Model", "ArchPractice.Model\ArchPractice.Model.csproj", "{3681BD82-36B2-4DA8-855D-E8CD0CBDA54F}"
EndProject
Project("{FAE04EC0-301F-11D3-BF4B-00C04F79EFBC}") = "ArchPractice.Repository", "ArchPractice.Repository\ArchPractice.Repository.csproj", "{21ECBDFA-ED4E-447B-A8A2-6B417102B059}"
EndProject
Project("{FAE04EC0-301F-11D3-BF4B-00C04F79EFBC}") = "ArchPractice.Service", "ArchPractice.Service\ArchPractice.Service.csproj", "{CEC51CB2-A577-4765-AA68-C498E3BF2CEA}"
EndProject
Global
	GlobalSection(SolutionConfigurationPlatforms) = preSolution
		Debug|Any CPU = Debug|Any CPU
		Release|Any CPU = Release|Any CPU
	EndGlobalSection
	GlobalSection(ProjectConfigurationPlatforms) = postSolution
		{90A852C2-88E3-4CE1-8E77-230D8186325C}.Debug|Any CPU.ActiveCfg = Debug|Any CPU
		{90A852C2-88E3-4CE1-8E77-230D8186325C}.Debug|Any CPU.Build.0 = Debug|Any CPU
		{90A852C2-88E3-4CE1-8E77-230D8186325C}.Release|Any CPU.ActiveCfg = Release|Any CPU
		{90A852C2-88E3-4CE1-8E77-230D8186325C}.Release|Any CPU.Build.0 = Release|Any CPU
		{46EC662D-A7FC-4F45-9472-EA9A8017258D}.Debug|Any CPU.ActiveCfg = Debug|Any CPU
		{46EC662D-A7FC-4F45-9472-EA9A8017258D}.Debug|Any CPU.Build.0 = Debug|Any CPU
		{46EC662D-A7FC-4F45-9472-EA9A8017258D}.Release|Any CPU.ActiveCfg = Release|Any CPU
		{46EC662D-A7FC-4F45-9472-EA9A8017258D}.Release|Any CPU.Build.0 = Release|Any CPU
		{9D144302-EB34-478A-8B2B-AD72A082DCD9}.Debug|Any CPU.ActiveCfg = Debug|Any CPU
		{9D144302-EB34-478A-8B2B-AD72A082DCD9}.Debug|Any CPU.Build.0 = Debug|Any CPU
		{9D144302-EB34-478A-8B2B-AD72A082DCD9}.Release|Any CPU.ActiveCfg = Release|Any CPU
		{9D144302-EB34-478A-8B2B-AD72A082DCD9}.Release|Any CPU.Build.0 = Release|Any CPU
		{3681BD82-36B2-4DA8-855D-E8CD0CBDA54F}.Debug|Any CPU.ActiveCfg = Debug|Any CPU
		{3681BD82-36B2-4DA8-855D-E8CD0CBDA54F}.Debug|Any CPU.Build.0 = Debug|Any CPU
		{3681BD82-36B2-4DA8-855D-E8CD0CBDA54F}.Release|Any CPU.ActiveCfg = Release|Any CPU
		{3681BD82-36B2-4DA8-855D-E8CD0CBDA54F}.Release|Any CPU.Build.0 = Release|Any CPU
		{21ECBDFA-ED4E-447B-A8A2-6B417102B059}.Debug|Any CPU.ActiveCfg = Debug|Any CPU
		{21ECBDFA-ED4E-447B-A8A2-6B417102B059}.Debug|Any CPU.Build.0 = Debug|Any CPU
		{21ECBDFA-ED4E-447B-A8A2-6B417102B059}.Release|Any CPU.ActiveCfg = Release|Any CPU
		{21ECBDFA-ED4E-447B-A8A2-6B417102B059}.Release|Any CPU.Build.0 = Release|Any CPU
		{CEC51CB2-A577-4765-AA68-C498E3BF2CEA}.Debug|Any CPU.ActiveCfg = Debug|Any CPU
		{CEC51CB2-A577-4765-AA68-C498E3BF2CEA}.Debug|Any CPU.Build.0 = Debug|Any CPU
		{CEC51CB2-A577-4765-AA68-C498E3BF2CEA}.Release|Any CPU.ActiveCfg = Release|Any CPU
		{CEC51CB2-A577-4765-AA68-C498E3BF2CEA}.Release|Any CPU.Build.0 = Release|Any CPU
	EndGlobalSection
	GlobalSection(SolutionProperties) = preSolution
		HideSolutionNode = FALSE
	EndGlobalSection
	GlobalSection(ExtensibilityGlobals) = postSolution
		SolutionGuid = {546BFDE9-3A1A-4A9C-81DA-775B78AF79A3}
	EndGlobalSection
EndGlobal
